
Microsoft Visual Studio Solution File, Format Version 12.00
# Visual Studio Version 16
VisualStudioVersion = 16.0.30523.141
MinimumVisualStudioVersion = 10.0.40219.1
Project("{9A19103F-16F7-4668-BE54-9A1E7A4F7556}") = "DenLilleShop", "DenLilleShop\DenLilleShop.csproj", "{4255C553-BA41-4E30-A1B1-83E652F86CA9}"
EndProject
Project("{2150E333-8FDC-42A3-9474-1A3956D46DE8}") = "Solution Items", "Solution Items", "{2309E6D2-6368-4694-97CC-FEDAF3E64CE7}"
	ProjectSection(SolutionItems) = preProject
		DenLilleShopCL\DenLilleShopCL.csproj = DenLilleShopCL\DenLilleShopCL.csproj
	EndProjectSection
EndProject
Project("{FAE04EC0-301F-11D3-BF4B-00C04F79EFBC}") = "DenLilleShopCL", "DenLilleShopCL\DenLilleShopCL.csproj", "{E8E5A5B0-8E3D-435D-AC7A-CA29F222D2C0}"
EndProject
Project("{FAE04EC0-301F-11D3-BF4B-00C04F79EFBC}") = "DenLilleShopForm", "DenLilleShopForm\DenLilleShopForm.csproj", "{C1D9B9CF-1701-4927-9930-8184BCBC8318}"
EndProject
Global
	GlobalSection(SolutionConfigurationPlatforms) = preSolution
		Debug|Any CPU = Debug|Any CPU
		Release|Any CPU = Release|Any CPU
	EndGlobalSection
	GlobalSection(ProjectConfigurationPlatforms) = postSolution
		{4255C553-BA41-4E30-A1B1-83E652F86CA9}.Debug|Any CPU.ActiveCfg = Debug|Any CPU
		{4255C553-BA41-4E30-A1B1-83E652F86CA9}.Debug|Any CPU.Build.0 = Debug|Any CPU
		{4255C553-BA41-4E30-A1B1-83E652F86CA9}.Release|Any CPU.ActiveCfg = Release|Any CPU
		{4255C553-BA41-4E30-A1B1-83E652F86CA9}.Release|Any CPU.Build.0 = Release|Any CPU
		{E8E5A5B0-8E3D-435D-AC7A-CA29F222D2C0}.Debug|Any CPU.ActiveCfg = Debug|Any CPU
		{E8E5A5B0-8E3D-435D-AC7A-CA29F222D2C0}.Debug|Any CPU.Build.0 = Debug|Any CPU
		{E8E5A5B0-8E3D-435D-AC7A-CA29F222D2C0}.Release|Any CPU.ActiveCfg = Release|Any CPU
		{E8E5A5B0-8E3D-435D-AC7A-CA29F222D2C0}.Release|Any CPU.Build.0 = Release|Any CPU
		{C1D9B9CF-1701-4927-9930-8184BCBC8318}.Debug|Any CPU.ActiveCfg = Debug|Any CPU
		{C1D9B9CF-1701-4927-9930-8184BCBC8318}.Debug|Any CPU.Build.0 = Debug|Any CPU
		{C1D9B9CF-1701-4927-9930-8184BCBC8318}.Release|Any CPU.ActiveCfg = Release|Any CPU
		{C1D9B9CF-1701-4927-9930-8184BCBC8318}.Release|Any CPU.Build.0 = Release|Any CPU
	EndGlobalSection
	GlobalSection(SolutionProperties) = preSolution
		HideSolutionNode = FALSE
	EndGlobalSection
	GlobalSection(ExtensibilityGlobals) = postSolution
		SolutionGuid = {FFACF65E-ECBD-426F-B36A-B8D6530A6E9D}
	EndGlobalSection
EndGlobal
