
Microsoft Visual Studio Solution File, Format Version 12.00
# Visual Studio Version 16
VisualStudioVersion = 16.0.30523.141
MinimumVisualStudioVersion = 10.0.40219.1
Project("{FAE04EC0-301F-11D3-BF4B-00C04F79EFBC}") = "DenLilleShop", "DenLilleShop\DenLilleShop.csproj", "{4255C553-BA41-4E30-A1B1-83E652F86CA9}"
EndProject
Global
	GlobalSection(SolutionConfigurationPlatforms) = preSolution
		Debug|Any CPU = Debug|Any CPU
		Release|Any CPU = Release|Any CPU
	EndGlobalSection
	GlobalSection(ProjectConfigurationPlatforms) = postSolution
		{4255C553-BA41-4E30-A1B1-83E652F86CA9}.Debug|Any CPU.ActiveCfg = Debug|Any CPU
		{4255C553-BA41-4E30-A1B1-83E652F86CA9}.Debug|Any CPU.Build.0 = Debug|Any CPU
		{4255C553-BA41-4E30-A1B1-83E652F86CA9}.Release|Any CPU.ActiveCfg = Release|Any CPU
		{4255C553-BA41-4E30-A1B1-83E652F86CA9}.Release|Any CPU.Build.0 = Release|Any CPU
	EndGlobalSection
	GlobalSection(SolutionProperties) = preSolution
		HideSolutionNode = FALSE
	EndGlobalSection
	GlobalSection(ExtensibilityGlobals) = postSolution
		SolutionGuid = {FFACF65E-ECBD-426F-B36A-B8D6530A6E9D}
	EndGlobalSection
EndGlobal
